<?xml version="1.0" encoding="utf-8"?>
<Project ToolsVersion="4.0" xmlns="http://schemas.microsoft.com/developer/msbuild/2003">
  <ItemGroup>
    <Filter Include="Исходные файлы">
      <UniqueIdentifier>{4FC737F1-C7A5-4376-A066-2A32D752A2FF}</UniqueIdentifier>
      <Extensions>cpp;c;cc;cxx;def;odl;idl;hpj;bat;asm;asmx</Extensions>
    </Filter>
    <Filter Include="Файлы заголовков">
      <UniqueIdentifier>{93995380-89BD-4b04-88EB-625FBE52EBFB}</UniqueIdentifier>
      <Extensions>h;hh;hpp;hxx;hm;inl;inc;ipp;xsd</Extensions>
    </Filter>
    <Filter Include="Файлы ресурсов">
      <UniqueIdentifier>{67DA6AB6-F800-4c08-8B7A-83BB121AAD01}</UniqueIdentifier>
      <Extensions>rc;ico;cur;bmp;dlg;rc2;rct;bin;rgs;gif;jpg;jpeg;jpe;resx;tiff;tif;png;wav;mfcribbon-ms</Extensions>
    </Filter>
    <Filter Include="Файлы заголовков\Enums">
      <UniqueIdentifier>{66d3afd2-dc3d-4c68-9afe-ed835effc6f1}</UniqueIdentifier>
    </Filter>
    <Filter Include="Файлы заголовков\StructsHeaders">
      <UniqueIdentifier>{ed1b4574-f1d7-4f8d-98f2-35c56534c05d}</UniqueIdentifier>
    </Filter>
    <Filter Include="Исходные файлы\StructsSources">
      <UniqueIdentifier>{df209591-e3d4-4d2a-bf78-1f684aba6dfa}</UniqueIdentifier>
    </Filter>
  </ItemGroup>
  <ItemGroup>
    <ClCompile Include="Main.cpp">
      <Filter>Исходные файлы</Filter>
    </ClCompile>
    <ClCompile Include="OutputFunctions.cpp">
      <Filter>Исходные файлы</Filter>
    </ClCompile>
    <ClCompile Include="SortException.cpp">
      <Filter>Исходные файлы</Filter>
    </ClCompile>
    <ClCompile Include="DemoFunctions.cpp">
      <Filter>Исходные файлы</Filter>
    </ClCompile>
    <ClCompile Include="DemoDynamicFunctions.cpp">
      <Filter>Исходные файлы</Filter>
    </ClCompile>
    <ClCompile Include="DemoEnumsFunctions.cpp">
      <Filter>Исходные файлы</Filter>
    </ClCompile>
    <ClCompile Include="Structs\Circle.cpp">
      <Filter>Исходные файлы\StructsSources</Filter>
    </ClCompile>
    <ClCompile Include="Structs\Flight.cpp">
      <Filter>Исходные файлы\StructsSources</Filter>
    </ClCompile>
    <ClCompile Include="Structs\Movie.cpp">
      <Filter>Исходные файлы\StructsSources</Filter>
    </ClCompile>
    <ClCompile Include="Structs\Rectangle.cpp">
      <Filter>Исходные файлы\StructsSources</Filter>
    </ClCompile>
    <ClCompile Include="Structs\Time.cpp">
      <Filter>Исходные файлы\StructsSources</Filter>
    </ClCompile>
  </ItemGroup>
  <ItemGroup>
    <ClInclude Include="OutputFunctions.h">
      <Filter>Файлы заголовков</Filter>
    </ClInclude>
    <ClInclude Include="SortException.h">
      <Filter>Файлы заголовков</Filter>
    </ClInclude>
    <ClInclude Include="DemoFunctions.h">
      <Filter>Файлы заголовков</Filter>
    </ClInclude>
    <ClInclude Include="DemoDynamicFunctions.h">
      <Filter>Файлы заголовков</Filter>
    </ClInclude>
    <ClInclude Include="DemoEnumsFunctions.h">
      <Filter>Файлы заголовков</Filter>
    </ClInclude>
    <ClInclude Include="Enums\Color.h">
      <Filter>Файлы заголовков\Enums</Filter>
    </ClInclude>
    <ClInclude Include="Enums\DayOfWeek.h">
      <Filter>Файлы заголовков\Enums</Filter>
    </ClInclude>
    <ClInclude Include="Enums\Genre.h">
      <Filter>Файлы заголовков\Enums</Filter>
    </ClInclude>
    <ClInclude Include="Enums\ManufacturerOfSmartphones.h">
      <Filter>Файлы заголовков\Enums</Filter>
    </ClInclude>
    <ClInclude Include="Enums\Season.h">
      <Filter>Файлы заголовков\Enums</Filter>
    </ClInclude>
    <ClInclude Include="Enums\FormOfEducation.h">
      <Filter>Файлы заголовков\Enums</Filter>
    </ClInclude>
    <ClInclude Include="Structs\Circle.h">
      <Filter>Файлы заголовков\StructsHeaders</Filter>
    </ClInclude>
    <ClInclude Include="Structs\Flight.h">
      <Filter>Файлы заголовков\StructsHeaders</Filter>
    </ClInclude>
    <ClInclude Include="Structs\Movie.h">
      <Filter>Файлы заголовков\StructsHeaders</Filter>
    </ClInclude>
    <ClInclude Include="Structs\PhoneContact.h">
      <Filter>Файлы заголовков\StructsHeaders</Filter>
    </ClInclude>
    <ClInclude Include="Structs\Rectangle.h">
      <Filter>Файлы заголовков\StructsHeaders</Filter>
    </ClInclude>
    <ClInclude Include="Structs\Song.h">
      <Filter>Файлы заголовков\StructsHeaders</Filter>
    </ClInclude>
    <ClInclude Include="Structs\Subject.h">
      <Filter>Файлы заголовков\StructsHeaders</Filter>
    </ClInclude>
    <ClInclude Include="Structs\Time.h">
      <Filter>Файлы заголовков\StructsHeaders</Filter>
    </ClInclude>
  </ItemGroup>
</Project>